
Microsoft Visual Studio Solution File, Format Version 12.00
# Visual Studio Version 17
VisualStudioVersion = 17.7.34031.279
MinimumVisualStudioVersion = 10.0.40219.1
Project("{FAE04EC0-301F-11D3-BF4B-00C04F79EFBC}") = "rps", "rps\rps.csproj", "{AB3B3A88-9A4C-4B56-8A48-C819CB003945}"
EndProject
Global
	GlobalSection(SolutionConfigurationPlatforms) = preSolution
		Debug|Any CPU = Debug|Any CPU
		Release|Any CPU = Release|Any CPU
	EndGlobalSection
	GlobalSection(ProjectConfigurationPlatforms) = postSolution
		{AB3B3A88-9A4C-4B56-8A48-C819CB003945}.Debug|Any CPU.ActiveCfg = Debug|Any CPU
		{AB3B3A88-9A4C-4B56-8A48-C819CB003945}.Debug|Any CPU.Build.0 = Debug|Any CPU
		{AB3B3A88-9A4C-4B56-8A48-C819CB003945}.Release|Any CPU.ActiveCfg = Release|Any CPU
		{AB3B3A88-9A4C-4B56-8A48-C819CB003945}.Release|Any CPU.Build.0 = Release|Any CPU
	EndGlobalSection
	GlobalSection(SolutionProperties) = preSolution
		HideSolutionNode = FALSE
	EndGlobalSection
	GlobalSection(ExtensibilityGlobals) = postSolution
		SolutionGuid = {CED20D1D-1BD5-48C2-ABFA-E449043CE4F8}
	EndGlobalSection
EndGlobal
